// !$*UTF8*$!
{
	archiveVersion = 1;
	classes = {
	};
	objectVersion = 50;
	objects = {

/* Begin PBXBuildFile section */
		6D4FFFC624FC78B800227ADE /* WordScrambleApp.swift in Sources */ = {isa = PBXBuildFile; fileRef = 6D4FFFC524FC78B800227ADE /* WordScrambleApp.swift */; };
		6D4FFFCA24FC78B800227ADE /* ContentView.swift in Sources */ = {isa = PBXBuildFile; fileRef = 6D4FFFC924FC78B800227ADE /* ContentView.swift */; };
		6D4FFFCC24FC78BB00227ADE /* Assets.xcassets in Resources */ = {isa = PBXBuildFile; fileRef = 6D4FFFCB24FC78BB00227ADE /* Assets.xcassets */; };
		6D4FFFCF24FC78BB00227ADE /* Preview Assets.xcassets in Resources */ = {isa = PBXBuildFile; fileRef = 6D4FFFCE24FC78BB00227ADE /* Preview Assets.xcassets */; };
		6D4FFFD224FC78BB00227ADE /* LaunchScreen.storyboard in Resources */ = {isa = PBXBuildFile; fileRef = 6D4FFFD024FC78BB00227ADE /* LaunchScreen.storyboard */; };
		6D4FFFDD24FC78BB00227ADE /* WordScrambleTests.swift in Sources */ = {isa = PBXBuildFile; fileRef = 6D4FFFDC24FC78BB00227ADE /* WordScrambleTests.swift */; };
		6D4FFFE824FC78BB00227ADE /* WordScrambleUITests.swift in Sources */ = {isa = PBXBuildFile; fileRef = 6D4FFFE724FC78BB00227ADE /* WordScrambleUITests.swift */; };
		6DF099172500985D00A6CBCB /* start.txt in Resources */ = {isa = PBXBuildFile; fileRef = 6DF099162500985D00A6CBCB /* start.txt */; };
/* End PBXBuildFile section */

/* Begin PBXContainerItemProxy section */
		6D4FFFD924FC78BB00227ADE /* PBXContainerItemProxy */ = {
			isa = PBXContainerItemProxy;
			containerPortal = 6D4FFFBA24FC78B800227ADE /* Project object */;
			proxyType = 1;
			remoteGlobalIDString = 6D4FFFC124FC78B800227ADE;
			remoteInfo = WordScramble;
		};
		6D4FFFE424FC78BB00227ADE /* PBXContainerItemProxy */ = {
			isa = PBXContainerItemProxy;
			containerPortal = 6D4FFFBA24FC78B800227ADE /* Project object */;
			proxyType = 1;
			remoteGlobalIDString = 6D4FFFC124FC78B800227ADE;
			remoteInfo = WordScramble;
		};
/* End PBXContainerItemProxy section */

/* Begin PBXFileReference section */
		6D4FFFC224FC78B800227ADE /* WordScramble.app */ = {isa = PBXFileReference; explicitFileType = wrapper.application; includeInIndex = 0; path = WordScramble.app; sourceTree = BUILT_PRODUCTS_DIR; };
		6D4FFFC524FC78B800227ADE /* WordScrambleApp.swift */ = {isa = PBXFileReference; lastKnownFileType = sourcecode.swift; path = WordScrambleApp.swift; sourceTree = "<group>"; };
		6D4FFFC924FC78B800227ADE /* ContentView.swift */ = {isa = PBXFileReference; lastKnownFileType = sourcecode.swift; path = ContentView.swift; sourceTree = "<group>"; };
		6D4FFFCB24FC78BB00227ADE /* Assets.xcassets */ = {isa = PBXFileReference; lastKnownFileType = folder.assetcatalog; path = Assets.xcassets; sourceTree = "<group>"; };
		6D4FFFCE24FC78BB00227ADE /* Preview Assets.xcassets */ = {isa = PBXFileReference; lastKnownFileType = folder.assetcatalog; path = "Preview Assets.xcassets"; sourceTree = "<group>"; };
		6D4FFFD124FC78BB00227ADE /* Base */ = {isa = PBXFileReference; lastKnownFileType = file.storyboard; name = Base; path = Base.lproj/LaunchScreen.storyboard; sourceTree = "<group>"; };
		6D4FFFD324FC78BB00227ADE /* Info.plist */ = {isa = PBXFileReference; lastKnownFileType = text.plist.xml; path = Info.plist; sourceTree = "<group>"; };
		6D4FFFD824FC78BB00227ADE /* WordScrambleTests.xctest */ = {isa = PBXFileReference; explicitFileType = wrapper.cfbundle; includeInIndex = 0; path = WordScrambleTests.xctest; sourceTree = BUILT_PRODUCTS_DIR; };
		6D4FFFDC24FC78BB00227ADE /* WordScrambleTests.swift */ = {isa = PBXFileReference; lastKnownFileType = sourcecode.swift; path = WordScrambleTests.swift; sourceTree = "<group>"; };
		6D4FFFDE24FC78BB00227ADE /* Info.plist */ = {isa = PBXFileReference; lastKnownFileType = text.plist.xml; path = Info.plist; sourceTree = "<group>"; };
		6D4FFFE324FC78BB00227ADE /* WordScrambleUITests.xctest */ = {isa = PBXFileReference; explicitFileType = wrapper.cfbundle; includeInIndex = 0; path = WordScrambleUITests.xctest; sourceTree = BUILT_PRODUCTS_DIR; };
		6D4FFFE724FC78BB00227ADE /* WordScrambleUITests.swift */ = {isa = PBXFileReference; lastKnownFileType = sourcecode.swift; path = WordScrambleUITests.swift; sourceTree = "<group>"; };
		6D4FFFE924FC78BB00227ADE /* Info.plist */ = {isa = PBXFileReference; lastKnownFileType = text.plist.xml; path = Info.plist; sourceTree = "<group>"; };
		6DF099162500985D00A6CBCB /* start.txt */ = {isa = PBXFileReference; fileEncoding = 4; lastKnownFileType = text; path = start.txt; sourceTree = "<group>"; };
		6DF09918250427ED00A6CBCB /* README.md */ = {isa = PBXFileReference; lastKnownFileType = net.daringfireball.markdown; path = README.md; sourceTree = "<group>"; };
/* End PBXFileReference section */

/* Begin PBXFrameworksBuildPhase section */
		6D4FFFBF24FC78B800227ADE /* Frameworks */ = {
			isa = PBXFrameworksBuildPhase;
			buildActionMask = 2147483647;
			files = (
			);
			runOnlyForDeploymentPostprocessing = 0;
		};
		6D4FFFD524FC78BB00227ADE /* Frameworks */ = {
			isa = PBXFrameworksBuildPhase;
			buildActionMask = 2147483647;
			files = (
			);
			runOnlyForDeploymentPostprocessing = 0;
		};
		6D4FFFE024FC78BB00227ADE /* Frameworks */ = {
			isa = PBXFrameworksBuildPhase;
			buildActionMask = 2147483647;
			files = (
			);
			runOnlyForDeploymentPostprocessing = 0;
		};
/* End PBXFrameworksBuildPhase section */

/* Begin PBXGroup section */
		6D4FFFB924FC78B800227ADE = {
			isa = PBXGroup;
			children = (
				6D4FFFC424FC78B800227ADE /* WordScramble */,
				6D4FFFDB24FC78BB00227ADE /* WordScrambleTests */,
				6D4FFFE624FC78BB00227ADE /* WordScrambleUITests */,
				6D4FFFC324FC78B800227ADE /* Products */,
				6DF09918250427ED00A6CBCB /* README.md */,
			);
			sourceTree = "<group>";
		};
		6D4FFFC324FC78B800227ADE /* Products */ = {
			isa = PBXGroup;
			children = (
				6D4FFFC224FC78B800227ADE /* WordScramble.app */,
				6D4FFFD824FC78BB00227ADE /* WordScrambleTests.xctest */,
				6D4FFFE324FC78BB00227ADE /* WordScrambleUITests.xctest */,
			);
			name = Products;
			sourceTree = "<group>";
		};
		6D4FFFC424FC78B800227ADE /* WordScramble */ = {
			isa = PBXGroup;
			children = (
				6D4FFFC524FC78B800227ADE /* WordScrambleApp.swift */,
				6D4FFFC924FC78B800227ADE /* ContentView.swift */,
				6D4FFFCB24FC78BB00227ADE /* Assets.xcassets */,
				6D4FFFD024FC78BB00227ADE /* LaunchScreen.storyboard */,
				6D4FFFD324FC78BB00227ADE /* Info.plist */,
				6DF099162500985D00A6CBCB /* start.txt */,
				6D4FFFCD24FC78BB00227ADE /* Preview Content */,
			);
			path = WordScramble;
			sourceTree = "<group>";
		};
		6D4FFFCD24FC78BB00227ADE /* Preview Content */ = {
			isa = PBXGroup;
			children = (
				6D4FFFCE24FC78BB00227ADE /* Preview Assets.xcassets */,
			);
			path = "Preview Content";
			sourceTree = "<group>";
		};
		6D4FFFDB24FC78BB00227ADE /* WordScrambleTests */ = {
			isa = PBXGroup;
			children = (
				6D4FFFDC24FC78BB00227ADE /* WordScrambleTests.swift */,
				6D4FFFDE24FC78BB00227ADE /* Info.plist */,
			);
			path = WordScrambleTests;
			sourceTree = "<group>";
		};
		6D4FFFE624FC78BB00227ADE /* WordScrambleUITests */ = {
			isa = PBXGroup;
			children = (
				6D4FFFE724FC78BB00227ADE /* WordScrambleUITests.swift */,
				6D4FFFE924FC78BB00227ADE /* Info.plist */,
			);
			path = WordScrambleUITests;
			sourceTree = "<group>";
		};
/* End PBXGroup section */

/* Begin PBXNativeTarget section */
		6D4FFFC124FC78B800227ADE /* WordScramble */ = {
			isa = PBXNativeTarget;
			buildConfigurationList = 6D4FFFEC24FC78BB00227ADE /* Build configuration list for PBXNativeTarget "WordScramble" */;
			buildPhases = (
				6D4FFFBE24FC78B800227ADE /* Sources */,
				6D4FFFBF24FC78B800227ADE /* Frameworks */,
				6D4FFFC024FC78B800227ADE /* Resources */,
			);
			buildRules = (
			);
			dependencies = (
			);
			name = WordScramble;
			productName = WordScramble;
			productReference = 6D4FFFC224FC78B800227ADE /* WordScramble.app */;
			productType = "com.apple.product-type.application";
		};
		6D4FFFD724FC78BB00227ADE /* WordScrambleTests */ = {
			isa = PBXNativeTarget;
			buildConfigurationList = 6D4FFFEF24FC78BB00227ADE /* Build configuration list for PBXNativeTarget "WordScrambleTests" */;
			buildPhases = (
				6D4FFFD424FC78BB00227ADE /* Sources */,
				6D4FFFD524FC78BB00227ADE /* Frameworks */,
				6D4FFFD624FC78BB00227ADE /* Resources */,
			);
			buildRules = (
			);
			dependencies = (
				6D4FFFDA24FC78BB00227ADE /* PBXTargetDependency */,
			);
			name = WordScrambleTests;
			productName = WordScrambleTests;
			productReference = 6D4FFFD824FC78BB00227ADE /* WordScrambleTests.xctest */;
			productType = "com.apple.product-type.bundle.unit-test";
		};
		6D4FFFE224FC78BB00227ADE /* WordScrambleUITests */ = {
			isa = PBXNativeTarget;
			buildConfigurationList = 6D4FFFF224FC78BB00227ADE /* Build configuration list for PBXNativeTarget "WordScrambleUITests" */;
			buildPhases = (
				6D4FFFDF24FC78BB00227ADE /* Sources */,
				6D4FFFE024FC78BB00227ADE /* Frameworks */,
				6D4FFFE124FC78BB00227ADE /* Resources */,
			);
			buildRules = (
			);
			dependencies = (
				6D4FFFE524FC78BB00227ADE /* PBXTargetDependency */,
			);
			name = WordScrambleUITests;
			productName = WordScrambleUITests;
			productReference = 6D4FFFE324FC78BB00227ADE /* WordScrambleUITests.xctest */;
			productType = "com.apple.product-type.bundle.ui-testing";
		};
/* End PBXNativeTarget section */

/* Begin PBXProject section */
		6D4FFFBA24FC78B800227ADE /* Project object */ = {
			isa = PBXProject;
			attributes = {
				LastSwiftUpdateCheck = 1160;
				LastUpgradeCheck = 1160;
				ORGANIZATIONNAME = "Rafael Calunga";
				TargetAttributes = {
					6D4FFFC124FC78B800227ADE = {
						CreatedOnToolsVersion = 11.6;
					};
					6D4FFFD724FC78BB00227ADE = {
						CreatedOnToolsVersion = 11.6;
						TestTargetID = 6D4FFFC124FC78B800227ADE;
					};
					6D4FFFE224FC78BB00227ADE = {
						CreatedOnToolsVersion = 11.6;
						TestTargetID = 6D4FFFC124FC78B800227ADE;
					};
				};
			};
			buildConfigurationList = 6D4FFFBD24FC78B800227ADE /* Build configuration list for PBXProject "WordScramble" */;
			compatibilityVersion = "Xcode 9.3";
			developmentRegion = en;
			hasScannedForEncodings = 0;
			knownRegions = (
				en,
				Base,
			);
			mainGroup = 6D4FFFB924FC78B800227ADE;
			productRefGroup = 6D4FFFC324FC78B800227ADE /* Products */;
			projectDirPath = "";
			projectRoot = "";
			targets = (
				6D4FFFC124FC78B800227ADE /* WordScramble */,
				6D4FFFD724FC78BB00227ADE /* WordScrambleTests */,
				6D4FFFE224FC78BB00227ADE /* WordScrambleUITests */,
			);
		};
/* End PBXProject section */

/* Begin PBXResourcesBuildPhase section */
		6D4FFFC024FC78B800227ADE /* Resources */ = {
			isa = PBXResourcesBuildPhase;
			buildActionMask = 2147483647;
			files = (
				6D4FFFD224FC78BB00227ADE /* LaunchScreen.storyboard in Resources */,
				6DF099172500985D00A6CBCB /* start.txt in Resources */,
				6D4FFFCF24FC78BB00227ADE /* Preview Assets.xcassets in Resources */,
				6D4FFFCC24FC78BB00227ADE /* Assets.xcassets in Resources */,
			);
			runOnlyForDeploymentPostprocessing = 0;
		};
		6D4FFFD624FC78BB00227ADE /* Resources */ = {
			isa = PBXResourcesBuildPhase;
			buildActionMask = 2147483647;
			files = (
			);
			runOnlyForDeploymentPostprocessing = 0;
		};
		6D4FFFE124FC78BB00227ADE /* Resources */ = {
			isa = PBXResourcesBuildPhase;
			buildActionMask = 2147483647;
			files = (
			);
			runOnlyForDeploymentPostprocessing = 0;
		};
/* End PBXResourcesBuildPhase section */

/* Begin PBXSourcesBuildPhase section */
		6D4FFFBE24FC78B800227ADE /* Sources */ = {
			isa = PBXSourcesBuildPhase;
			buildActionMask = 2147483647;
			files = (
				6D4FFFC624FC78B800227ADE /* WordScrambleApp.swift in Sources */,
				6D4FFFCA24FC78B800227ADE /* ContentView.swift in Sources */,
			);
			runOnlyForDeploymentPostprocessing = 0;
		};
		6D4FFFD424FC78BB00227ADE /* Sources */ = {
			isa = PBXSourcesBuildPhase;
			buildActionMask = 2147483647;
			files = (
				6D4FFFDD24FC78BB00227ADE /* WordScrambleTests.swift in Sources */,
			);
			runOnlyForDeploymentPostprocessing = 0;
		};
		6D4FFFDF24FC78BB00227ADE /* Sources */ = {
			isa = PBXSourcesBuildPhase;
			buildActionMask = 2147483647;
			files = (
				6D4FFFE824FC78BB00227ADE /* WordScrambleUITests.swift in Sources */,
			);
			runOnlyForDeploymentPostprocessing = 0;
		};
/* End PBXSourcesBuildPhase section */

/* Begin PBXTargetDependency section */
		6D4FFFDA24FC78BB00227ADE /* PBXTargetDependency */ = {
			isa = PBXTargetDependency;
			target = 6D4FFFC124FC78B800227ADE /* WordScramble */;
			targetProxy = 6D4FFFD924FC78BB00227ADE /* PBXContainerItemProxy */;
		};
		6D4FFFE524FC78BB00227ADE /* PBXTargetDependency */ = {
			isa = PBXTargetDependency;
			target = 6D4FFFC124FC78B800227ADE /* WordScramble */;
			targetProxy = 6D4FFFE424FC78BB00227ADE /* PBXContainerItemProxy */;
		};
/* End PBXTargetDependency section */

/* Begin PBXVariantGroup section */
		6D4FFFD024FC78BB00227ADE /* LaunchScreen.storyboard */ = {
			isa = PBXVariantGroup;
			children = (
				6D4FFFD124FC78BB00227ADE /* Base */,
			);
			name = LaunchScreen.storyboard;
			sourceTree = "<group>";
		};
/* End PBXVariantGroup section */

/* Begin XCBuildConfiguration section */
		6D4FFFEA24FC78BB00227ADE /* Debug */ = {
			isa = XCBuildConfiguration;
			buildSettings = {
				ALWAYS_SEARCH_USER_PATHS = NO;
				CLANG_ANALYZER_NONNULL = YES;
				CLANG_ANALYZER_NUMBER_OBJECT_CONVERSION = YES_AGGRESSIVE;
				CLANG_CXX_LANGUAGE_STANDARD = "gnu++14";
				CLANG_CXX_LIBRARY = "libc++";
				CLANG_ENABLE_MODULES = YES;
				CLANG_ENABLE_OBJC_ARC = YES;
				CLANG_ENABLE_OBJC_WEAK = YES;
				CLANG_WARN_BLOCK_CAPTURE_AUTORELEASING = YES;
				CLANG_WARN_BOOL_CONVERSION = YES;
				CLANG_WARN_COMMA = YES;
				CLANG_WARN_CONSTANT_CONVERSION = YES;
				CLANG_WARN_DEPRECATED_OBJC_IMPLEMENTATIONS = YES;
				CLANG_WARN_DIRECT_OBJC_ISA_USAGE = YES_ERROR;
				CLANG_WARN_DOCUMENTATION_COMMENTS = YES;
				CLANG_WARN_EMPTY_BODY = YES;
				CLANG_WARN_ENUM_CONVERSION = YES;
				CLANG_WARN_INFINITE_RECURSION = YES;
				CLANG_WARN_INT_CONVERSION = YES;
				CLANG_WARN_NON_LITERAL_NULL_CONVERSION = YES;
				CLANG_WARN_OBJC_IMPLICIT_RETAIN_SELF = YES;
				CLANG_WARN_OBJC_LITERAL_CONVERSION = YES;
				CLANG_WARN_OBJC_ROOT_CLASS = YES_ERROR;
				CLANG_WARN_RANGE_LOOP_ANALYSIS = YES;
				CLANG_WARN_STRICT_PROTOTYPES = YES;
				CLANG_WARN_SUSPICIOUS_MOVE = YES;
				CLANG_WARN_UNGUARDED_AVAILABILITY = YES_AGGRESSIVE;
				CLANG_WARN_UNREACHABLE_CODE = YES;
				CLANG_WARN__DUPLICATE_METHOD_MATCH = YES;
				COPY_PHASE_STRIP = NO;
				DEBUG_INFORMATION_FORMAT = dwarf;
				ENABLE_STRICT_OBJC_MSGSEND = YES;
				ENABLE_TESTABILITY = YES;
				GCC_C_LANGUAGE_STANDARD = gnu11;
				GCC_DYNAMIC_NO_PIC = NO;
				GCC_NO_COMMON_BLOCKS = YES;
				GCC_OPTIMIZATION_LEVEL = 0;
				GCC_PREPROCESSOR_DEFINITIONS = (
					"DEBUG=1",
					"$(inherited)",
				);
				GCC_WARN_64_TO_32_BIT_CONVERSION = YES;
				GCC_WARN_ABOUT_RETURN_TYPE = YES_ERROR;
				GCC_WARN_UNDECLARED_SELECTOR = YES;
				GCC_WARN_UNINITIALIZED_AUTOS = YES_AGGRESSIVE;
				GCC_WARN_UNUSED_FUNCTION = YES;
				GCC_WARN_UNUSED_VARIABLE = YES;
				IPHONEOS_DEPLOYMENT_TARGET = 13.6;
				MTL_ENABLE_DEBUG_INFO = INCLUDE_SOURCE;
				MTL_FAST_MATH = YES;
				ONLY_ACTIVE_ARCH = YES;
				SDKROOT = iphoneos;
				SWIFT_ACTIVE_COMPILATION_CONDITIONS = DEBUG;
				SWIFT_OPTIMIZATION_LEVEL = "-Onone";
			};
			name = Debug;
		};
		6D4FFFEB24FC78BB00227ADE /* Release */ = {
			isa = XCBuildConfiguration;
			buildSettings = {
				ALWAYS_SEARCH_USER_PATHS = NO;
				CLANG_ANALYZER_NONNULL = YES;
				CLANG_ANALYZER_NUMBER_OBJECT_CONVERSION = YES_AGGRESSIVE;
				CLANG_CXX_LANGUAGE_STANDARD = "gnu++14";
				CLANG_CXX_LIBRARY = "libc++";
				CLANG_ENABLE_MODULES = YES;
				CLANG_ENABLE_OBJC_ARC = YES;
				CLANG_ENABLE_OBJC_WEAK = YES;
				CLANG_WARN_BLOCK_CAPTURE_AUTORELEASING = YES;
				CLANG_WARN_BOOL_CONVERSION = YES;
				CLANG_WARN_COMMA = YES;
				CLANG_WARN_CONSTANT_CONVERSION = YES;
				CLANG_WARN_DEPRECATED_OBJC_IMPLEMENTATIONS = YES;
				CLANG_WARN_DIRECT_OBJC_ISA_USAGE = YES_ERROR;
				CLANG_WARN_DOCUMENTATION_COMMENTS = YES;
				CLANG_WARN_EMPTY_BODY = YES;
				CLANG_WARN_ENUM_CONVERSION = YES;
				CLANG_WARN_INFINITE_RECURSION = YES;
				CLANG_WARN_INT_CONVERSION = YES;
				CLANG_WARN_NON_LITERAL_NULL_CONVERSION = YES;
				CLANG_WARN_OBJC_IMPLICIT_RETAIN_SELF = YES;
				CLANG_WARN_OBJC_LITERAL_CONVERSION = YES;
				CLANG_WARN_OBJC_ROOT_CLASS = YES_ERROR;
				CLANG_WARN_RANGE_LOOP_ANALYSIS = YES;
				CLANG_WARN_STRICT_PROTOTYPES = YES;
				CLANG_WARN_SUSPICIOUS_MOVE = YES;
				CLANG_WARN_UNGUARDED_AVAILABILITY = YES_AGGRESSIVE;
				CLANG_WARN_UNREACHABLE_CODE = YES;
				CLANG_WARN__DUPLICATE_METHOD_MATCH = YES;
				COPY_PHASE_STRIP = NO;
				DEBUG_INFORMATION_FORMAT = "dwarf-with-dsym";
				ENABLE_NS_ASSERTIONS = NO;
				ENABLE_STRICT_OBJC_MSGSEND = YES;
				GCC_C_LANGUAGE_STANDARD = gnu11;
				GCC_NO_COMMON_BLOCKS = YES;
				GCC_WARN_64_TO_32_BIT_CONVERSION = YES;
				GCC_WARN_ABOUT_RETURN_TYPE = YES_ERROR;
				GCC_WARN_UNDECLARED_SELECTOR = YES;
				GCC_WARN_UNINITIALIZED_AUTOS = YES_AGGRESSIVE;
				GCC_WARN_UNUSED_FUNCTION = YES;
				GCC_WARN_UNUSED_VARIABLE = YES;
				IPHONEOS_DEPLOYMENT_TARGET = 13.6;
				MTL_ENABLE_DEBUG_INFO = NO;
				MTL_FAST_MATH = YES;
				SDKROOT = iphoneos;
				SWIFT_COMPILATION_MODE = wholemodule;
				SWIFT_OPTIMIZATION_LEVEL = "-O";
				VALIDATE_PRODUCT = YES;
			};
			name = Release;
		};
		6D4FFFED24FC78BB00227ADE /* Debug */ = {
			isa = XCBuildConfiguration;
			buildSettings = {
				ASSETCATALOG_COMPILER_APPICON_NAME = AppIcon;
				CODE_SIGN_STYLE = Automatic;
				DEVELOPMENT_ASSET_PATHS = "\"WordScramble/Preview Content\"";
				ENABLE_PREVIEWS = YES;
				INFOPLIST_FILE = WordScramble/Info.plist;
				LD_RUNPATH_SEARCH_PATHS = (
					"$(inherited)",
					"@executable_path/Frameworks",
				);
				PRODUCT_BUNDLE_IDENTIFIER = com.rafaelcalunga.WordScramble;
				PRODUCT_NAME = "$(TARGET_NAME)";
				SWIFT_VERSION = 5.0;
				TARGETED_DEVICE_FAMILY = "1,2";
			};
			name = Debug;
		};
		6D4FFFEE24FC78BB00227ADE /* Release */ = {
			isa = XCBuildConfiguration;
			buildSettings = {
				ASSETCATALOG_COMPILER_APPICON_NAME = AppIcon;
				CODE_SIGN_STYLE = Automatic;
				DEVELOPMENT_ASSET_PATHS = "\"WordScramble/Preview Content\"";
				ENABLE_PREVIEWS = YES;
				INFOPLIST_FILE = WordScramble/Info.plist;
				LD_RUNPATH_SEARCH_PATHS = (
					"$(inherited)",
					"@executable_path/Frameworks",
				);
				PRODUCT_BUNDLE_IDENTIFIER = com.rafaelcalunga.WordScramble;
				PRODUCT_NAME = "$(TARGET_NAME)";
				SWIFT_VERSION = 5.0;
				TARGETED_DEVICE_FAMILY = "1,2";
			};
			name = Release;
		};
		6D4FFFF024FC78BB00227ADE /* Debug */ = {
			isa = XCBuildConfiguration;
			buildSettings = {
				ALWAYS_EMBED_SWIFT_STANDARD_LIBRARIES = YES;
				BUNDLE_LOADER = "$(TEST_HOST)";
				CODE_SIGN_STYLE = Automatic;
				INFOPLIST_FILE = WordScrambleTests/Info.plist;
				IPHONEOS_DEPLOYMENT_TARGET = 13.6;
				LD_RUNPATH_SEARCH_PATHS = (
					"$(inherited)",
					"@executable_path/Frameworks",
					"@loader_path/Frameworks",
				);
				PRODUCT_BUNDLE_IDENTIFIER = com.rafaelcalunga.WordScrambleTests;
				PRODUCT_NAME = "$(TARGET_NAME)";
				SWIFT_VERSION = 5.0;
				TARGETED_DEVICE_FAMILY = "1,2";
				TEST_HOST = "$(BUILT_PRODUCTS_DIR)/WordScramble.app/WordScramble";
			};
			name = Debug;
		};
		6D4FFFF124FC78BB00227ADE /* Release */ = {
			isa = XCBuildConfiguration;
			buildSettings = {
				ALWAYS_EMBED_SWIFT_STANDARD_LIBRARIES = YES;
				BUNDLE_LOADER = "$(TEST_HOST)";
				CODE_SIGN_STYLE = Automatic;
				INFOPLIST_FILE = WordScrambleTests/Info.plist;
				IPHONEOS_DEPLOYMENT_TARGET = 13.6;
				LD_RUNPATH_SEARCH_PATHS = (
					"$(inherited)",
					"@executable_path/Frameworks",
					"@loader_path/Frameworks",
				);
				PRODUCT_BUNDLE_IDENTIFIER = com.rafaelcalunga.WordScrambleTests;
				PRODUCT_NAME = "$(TARGET_NAME)";
				SWIFT_VERSION = 5.0;
				TARGETED_DEVICE_FAMILY = "1,2";
				TEST_HOST = "$(BUILT_PRODUCTS_DIR)/WordScramble.app/WordScramble";
			};
			name = Release;
		};
		6D4FFFF324FC78BB00227ADE /* Debug */ = {
			isa = XCBuildConfiguration;
			buildSettings = {
				ALWAYS_EMBED_SWIFT_STANDARD_LIBRARIES = YES;
				CODE_SIGN_STYLE = Automatic;
				INFOPLIST_FILE = WordScrambleUITests/Info.plist;
				LD_RUNPATH_SEARCH_PATHS = (
					"$(inherited)",
					"@executable_path/Frameworks",
					"@loader_path/Frameworks",
				);
				PRODUCT_BUNDLE_IDENTIFIER = com.rafaelcalunga.WordScrambleUITests;
				PRODUCT_NAME = "$(TARGET_NAME)";
				SWIFT_VERSION = 5.0;
				TARGETED_DEVICE_FAMILY = "1,2";
				TEST_TARGET_NAME = WordScramble;
			};
			name = Debug;
		};
		6D4FFFF424FC78BB00227ADE /* Release */ = {
			isa = XCBuildConfiguration;
			buildSettings = {
				ALWAYS_EMBED_SWIFT_STANDARD_LIBRARIES = YES;
				CODE_SIGN_STYLE = Automatic;
				INFOPLIST_FILE = WordScrambleUITests/Info.plist;
				LD_RUNPATH_SEARCH_PATHS = (
					"$(inherited)",
					"@executable_path/Frameworks",
					"@loader_path/Frameworks",
				);
				PRODUCT_BUNDLE_IDENTIFIER = com.rafaelcalunga.WordScrambleUITests;
				PRODUCT_NAME = "$(TARGET_NAME)";
				SWIFT_VERSION = 5.0;
				TARGETED_DEVICE_FAMILY = "1,2";
				TEST_TARGET_NAME = WordScramble;
			};
			name = Release;
		};
/* End XCBuildConfiguration section */

/* Begin XCConfigurationList section */
		6D4FFFBD24FC78B800227ADE /* Build configuration list for PBXProject "WordScramble" */ = {
			isa = XCConfigurationList;
			buildConfigurations = (
				6D4FFFEA24FC78BB00227ADE /* Debug */,
				6D4FFFEB24FC78BB00227ADE /* Release */,
			);
			defaultConfigurationIsVisible = 0;
			defaultConfigurationName = Release;
		};
		6D4FFFEC24FC78BB00227ADE /* Build configuration list for PBXNativeTarget "WordScramble" */ = {
			isa = XCConfigurationList;
			buildConfigurations = (
				6D4FFFED24FC78BB00227ADE /* Debug */,
				6D4FFFEE24FC78BB00227ADE /* Release */,
			);
			defaultConfigurationIsVisible = 0;
			defaultConfigurationName = Release;
		};
		6D4FFFEF24FC78BB00227ADE /* Build configuration list for PBXNativeTarget "WordScrambleTests" */ = {
			isa = XCConfigurationList;
			buildConfigurations = (
				6D4FFFF024FC78BB00227ADE /* Debug */,
				6D4FFFF124FC78BB00227ADE /* Release */,
			);
			defaultConfigurationIsVisible = 0;
			defaultConfigurationName = Release;
		};
		6D4FFFF224FC78BB00227ADE /* Build configuration list for PBXNativeTarget "WordScrambleUITests" */ = {
			isa = XCConfigurationList;
			buildConfigurations = (
				6D4FFFF324FC78BB00227ADE /* Debug */,
				6D4FFFF424FC78BB00227ADE /* Release */,
			);
			defaultConfigurationIsVisible = 0;
			defaultConfigurationName = Release;
		};
/* End XCConfigurationList section */
	};
	rootObject = 6D4FFFBA24FC78B800227ADE /* Project object */;
}
